
Microsoft Visual Studio Solution File, Format Version 12.00
# Visual Studio Version 16
VisualStudioVersion = 16.0.29409.12
MinimumVisualStudioVersion = 10.0.40219.1
Project("{8BC9CEB8-8B4A-11D0-8D11-00A0C91BC942}") = "WindowsOpenGL_Platform_Layer", "WindowsOpenGL_Platform_Layer.vcxproj", "{BD52EEFC-360C-42E9-83D3-22F6E36B7BD5}"
EndProject
Global
	GlobalSection(SolutionConfigurationPlatforms) = preSolution
		Debug|x64 = Debug|x64
		Debug|x86 = Debug|x86
		Release|x64 = Release|x64
		Release|x86 = Release|x86
	EndGlobalSection
	GlobalSection(ProjectConfigurationPlatforms) = postSolution
		{BD52EEFC-360C-42E9-83D3-22F6E36B7BD5}.Debug|x64.ActiveCfg = Debug|Win32
		{BD52EEFC-360C-42E9-83D3-22F6E36B7BD5}.Debug|x86.ActiveCfg = Debug|Win32
		{BD52EEFC-360C-42E9-83D3-22F6E36B7BD5}.Debug|x86.Build.0 = Debug|Win32
		{BD52EEFC-360C-42E9-83D3-22F6E36B7BD5}.Release|x64.ActiveCfg = Release|Win32
		{BD52EEFC-360C-42E9-83D3-22F6E36B7BD5}.Release|x86.ActiveCfg = Release|Win32
		{BD52EEFC-360C-42E9-83D3-22F6E36B7BD5}.Release|x86.Build.0 = Release|Win32
	EndGlobalSection
	GlobalSection(SolutionProperties) = preSolution
		HideSolutionNode = FALSE
	EndGlobalSection
	GlobalSection(ExtensibilityGlobals) = postSolution
		SolutionGuid = {7F9026E7-2D17-4AE0-A72B-A7BCEC983CAC}
	EndGlobalSection
EndGlobal
